// !$*UTF8*$!
{
	archiveVersion = 1;
	classes = {
	};
	objectVersion = 56;
	objects = {

/* Begin PBXBuildFile section */
		DE40C6562BB2C27400C67031 /* data_set.cpp in Sources */ = {isa = PBXBuildFile; fileRef = DE40C6542BB2C27400C67031 /* data_set.cpp */; };
		DE40C6592BC5B00800C67031 /* mnist_data.cpp in Sources */ = {isa = PBXBuildFile; fileRef = DE40C6572BC5B00800C67031 /* mnist_data.cpp */; };
		DED68A262B824122004ED2CE /* main.cpp in Sources */ = {isa = PBXBuildFile; fileRef = DED68A252B824122004ED2CE /* main.cpp */; };
		DED68A342B8E8C35004ED2CE /* neural.cpp in Sources */ = {isa = PBXBuildFile; fileRef = DED68A322B8E8C35004ED2CE /* neural.cpp */; };
/* End PBXBuildFile section */

/* Begin PBXCopyFilesBuildPhase section */
		DED68A202B824122004ED2CE /* CopyFiles */ = {
			isa = PBXCopyFilesBuildPhase;
			buildActionMask = 2147483647;
			dstPath = /usr/share/man/man1/;
			dstSubfolderSpec = 0;
			files = (
			);
			runOnlyForDeploymentPostprocessing = 1;
		};
/* End PBXCopyFilesBuildPhase section */

/* Begin PBXFileReference section */
		DE40C6542BB2C27400C67031 /* data_set.cpp */ = {isa = PBXFileReference; lastKnownFileType = sourcecode.cpp.cpp; path = data_set.cpp; sourceTree = "<group>"; };
		DE40C6552BB2C27400C67031 /* data_set.hpp */ = {isa = PBXFileReference; lastKnownFileType = sourcecode.cpp.h; path = data_set.hpp; sourceTree = "<group>"; };
		DE40C6572BC5B00800C67031 /* mnist_data.cpp */ = {isa = PBXFileReference; lastKnownFileType = sourcecode.cpp.cpp; path = mnist_data.cpp; sourceTree = "<group>"; };
		DE40C6582BC5B00800C67031 /* mnist_data.hpp */ = {isa = PBXFileReference; lastKnownFileType = sourcecode.cpp.h; path = mnist_data.hpp; sourceTree = "<group>"; };
		DED68A222B824122004ED2CE /* neural net v1 */ = {isa = PBXFileReference; explicitFileType = "compiled.mach-o.executable"; includeInIndex = 0; path = "neural net v1"; sourceTree = BUILT_PRODUCTS_DIR; };
		DED68A252B824122004ED2CE /* main.cpp */ = {isa = PBXFileReference; lastKnownFileType = sourcecode.cpp.cpp; path = main.cpp; sourceTree = "<group>"; };
		DED68A302B82477A004ED2CE /* data */ = {isa = PBXFileReference; lastKnownFileType = text; path = data; sourceTree = "<group>"; };
		DED68A322B8E8C35004ED2CE /* neural.cpp */ = {isa = PBXFileReference; lastKnownFileType = sourcecode.cpp.cpp; path = neural.cpp; sourceTree = "<group>"; };
		DED68A332B8E8C35004ED2CE /* neural.hpp */ = {isa = PBXFileReference; lastKnownFileType = sourcecode.cpp.h; path = neural.hpp; sourceTree = "<group>"; };
/* End PBXFileReference section */

/* Begin PBXFrameworksBuildPhase section */
		DED68A1F2B824122004ED2CE /* Frameworks */ = {
			isa = PBXFrameworksBuildPhase;
			buildActionMask = 2147483647;
			files = (
			);
			runOnlyForDeploymentPostprocessing = 0;
		};
/* End PBXFrameworksBuildPhase section */

/* Begin PBXGroup section */
		DED68A192B824122004ED2CE = {
			isa = PBXGroup;
			children = (
				DED68A302B82477A004ED2CE /* data */,
				DED68A242B824122004ED2CE /* neural net v1 */,
				DED68A232B824122004ED2CE /* Products */,
			);
			sourceTree = "<group>";
		};
		DED68A232B824122004ED2CE /* Products */ = {
			isa = PBXGroup;
			children = (
				DED68A222B824122004ED2CE /* neural net v1 */,
			);
			name = Products;
			sourceTree = "<group>";
		};
		DED68A242B824122004ED2CE /* neural net v1 */ = {
			isa = PBXGroup;
			children = (
				DED68A252B824122004ED2CE /* main.cpp */,
				DED68A322B8E8C35004ED2CE /* neural.cpp */,
				DED68A332B8E8C35004ED2CE /* neural.hpp */,
				DE40C6542BB2C27400C67031 /* data_set.cpp */,
				DE40C6572BC5B00800C67031 /* mnist_data.cpp */,
				DE40C6582BC5B00800C67031 /* mnist_data.hpp */,
				DE40C6552BB2C27400C67031 /* data_set.hpp */,
			);
			path = "neural net v1";
			sourceTree = "<group>";
		};
/* End PBXGroup section */

/* Begin PBXNativeTarget section */
		DED68A212B824122004ED2CE /* neural net v1 */ = {
			isa = PBXNativeTarget;
			buildConfigurationList = DED68A292B824122004ED2CE /* Build configuration list for PBXNativeTarget "neural net v1" */;
			buildPhases = (
				DED68A1E2B824122004ED2CE /* Sources */,
				DED68A1F2B824122004ED2CE /* Frameworks */,
				DED68A202B824122004ED2CE /* CopyFiles */,
			);
			buildRules = (
			);
			dependencies = (
			);
			name = "neural net v1";
			productName = "neural net v1";
			productReference = DED68A222B824122004ED2CE /* neural net v1 */;
			productType = "com.apple.product-type.tool";
		};
/* End PBXNativeTarget section */

/* Begin PBXProject section */
		DED68A1A2B824122004ED2CE /* Project object */ = {
			isa = PBXProject;
			attributes = {
				BuildIndependentTargetsInParallel = 1;
				LastUpgradeCheck = 1530;
				TargetAttributes = {
					DED68A212B824122004ED2CE = {
						CreatedOnToolsVersion = 15.2;
					};
				};
			};
			buildConfigurationList = DED68A1D2B824122004ED2CE /* Build configuration list for PBXProject "neural net v1" */;
			compatibilityVersion = "Xcode 14.0";
			developmentRegion = en;
			hasScannedForEncodings = 0;
			knownRegions = (
				en,
				Base,
			);
			mainGroup = DED68A192B824122004ED2CE;
			productRefGroup = DED68A232B824122004ED2CE /* Products */;
			projectDirPath = "";
			projectRoot = "";
			targets = (
				DED68A212B824122004ED2CE /* neural net v1 */,
			);
		};
/* End PBXProject section */

/* Begin PBXSourcesBuildPhase section */
		DED68A1E2B824122004ED2CE /* Sources */ = {
			isa = PBXSourcesBuildPhase;
			buildActionMask = 2147483647;
			files = (
				DE40C6562BB2C27400C67031 /* data_set.cpp in Sources */,
				DED68A262B824122004ED2CE /* main.cpp in Sources */,
				DED68A342B8E8C35004ED2CE /* neural.cpp in Sources */,
				DE40C6592BC5B00800C67031 /* mnist_data.cpp in Sources */,
			);
			runOnlyForDeploymentPostprocessing = 0;
		};
/* End PBXSourcesBuildPhase section */

/* Begin XCBuildConfiguration section */
		DED68A272B824122004ED2CE /* Debug */ = {
			isa = XCBuildConfiguration;
			buildSettings = {
				ALWAYS_SEARCH_USER_PATHS = NO;
				ASSETCATALOG_COMPILER_GENERATE_SWIFT_ASSET_SYMBOL_EXTENSIONS = YES;
				CLANG_ANALYZER_NONNULL = YES;
				CLANG_ANALYZER_NUMBER_OBJECT_CONVERSION = YES_AGGRESSIVE;
				CLANG_CXX_LANGUAGE_STANDARD = "gnu++20";
				CLANG_ENABLE_MODULES = YES;
				CLANG_ENABLE_OBJC_ARC = YES;
				CLANG_ENABLE_OBJC_WEAK = YES;
				CLANG_WARN_BLOCK_CAPTURE_AUTORELEASING = YES;
				CLANG_WARN_BOOL_CONVERSION = YES;
				CLANG_WARN_COMMA = YES;
				CLANG_WARN_CONSTANT_CONVERSION = YES;
				CLANG_WARN_DEPRECATED_OBJC_IMPLEMENTATIONS = YES;
				CLANG_WARN_DIRECT_OBJC_ISA_USAGE = YES_ERROR;
				CLANG_WARN_DOCUMENTATION_COMMENTS = YES;
				CLANG_WARN_EMPTY_BODY = YES;
				CLANG_WARN_ENUM_CONVERSION = YES;
				CLANG_WARN_INFINITE_RECURSION = YES;
				CLANG_WARN_INT_CONVERSION = YES;
				CLANG_WARN_NON_LITERAL_NULL_CONVERSION = YES;
				CLANG_WARN_OBJC_IMPLICIT_RETAIN_SELF = YES;
				CLANG_WARN_OBJC_LITERAL_CONVERSION = YES;
				CLANG_WARN_OBJC_ROOT_CLASS = YES_ERROR;
				CLANG_WARN_QUOTED_INCLUDE_IN_FRAMEWORK_HEADER = YES;
				CLANG_WARN_RANGE_LOOP_ANALYSIS = YES;
				CLANG_WARN_STRICT_PROTOTYPES = YES;
				CLANG_WARN_SUSPICIOUS_MOVE = YES;
				CLANG_WARN_UNGUARDED_AVAILABILITY = YES_AGGRESSIVE;
				CLANG_WARN_UNREACHABLE_CODE = YES;
				CLANG_WARN__DUPLICATE_METHOD_MATCH = YES;
				COPY_PHASE_STRIP = NO;
				DEAD_CODE_STRIPPING = YES;
				DEBUG_INFORMATION_FORMAT = dwarf;
				ENABLE_STRICT_OBJC_MSGSEND = YES;
				ENABLE_TESTABILITY = YES;
				ENABLE_USER_SCRIPT_SANDBOXING = YES;
				GCC_C_LANGUAGE_STANDARD = gnu17;
				GCC_DYNAMIC_NO_PIC = NO;
				GCC_NO_COMMON_BLOCKS = YES;
				GCC_OPTIMIZATION_LEVEL = 0;
				GCC_PREPROCESSOR_DEFINITIONS = (
					"DEBUG=1",
					"$(inherited)",
				);
				GCC_WARN_64_TO_32_BIT_CONVERSION = YES;
				GCC_WARN_ABOUT_RETURN_TYPE = YES_ERROR;
				GCC_WARN_UNDECLARED_SELECTOR = YES;
				GCC_WARN_UNINITIALIZED_AUTOS = YES_AGGRESSIVE;
				GCC_WARN_UNUSED_FUNCTION = YES;
				GCC_WARN_UNUSED_VARIABLE = YES;
				LOCALIZATION_PREFERS_STRING_CATALOGS = YES;
				MACOSX_DEPLOYMENT_TARGET = 14.1;
				MTL_ENABLE_DEBUG_INFO = INCLUDE_SOURCE;
				MTL_FAST_MATH = YES;
				ONLY_ACTIVE_ARCH = YES;
				SDKROOT = macosx;
			};
			name = Debug;
		};
		DED68A282B824122004ED2CE /* Release */ = {
			isa = XCBuildConfiguration;
			buildSettings = {
				ALWAYS_SEARCH_USER_PATHS = NO;
				ASSETCATALOG_COMPILER_GENERATE_SWIFT_ASSET_SYMBOL_EXTENSIONS = YES;
				CLANG_ANALYZER_NONNULL = YES;
				CLANG_ANALYZER_NUMBER_OBJECT_CONVERSION = YES_AGGRESSIVE;
				CLANG_CXX_LANGUAGE_STANDARD = "gnu++20";
				CLANG_ENABLE_MODULES = YES;
				CLANG_ENABLE_OBJC_ARC = YES;
				CLANG_ENABLE_OBJC_WEAK = YES;
				CLANG_WARN_BLOCK_CAPTURE_AUTORELEASING = YES;
				CLANG_WARN_BOOL_CONVERSION = YES;
				CLANG_WARN_COMMA = YES;
				CLANG_WARN_CONSTANT_CONVERSION = YES;
				CLANG_WARN_DEPRECATED_OBJC_IMPLEMENTATIONS = YES;
				CLANG_WARN_DIRECT_OBJC_ISA_USAGE = YES_ERROR;
				CLANG_WARN_DOCUMENTATION_COMMENTS = YES;
				CLANG_WARN_EMPTY_BODY = YES;
				CLANG_WARN_ENUM_CONVERSION = YES;
				CLANG_WARN_INFINITE_RECURSION = YES;
				CLANG_WARN_INT_CONVERSION = YES;
				CLANG_WARN_NON_LITERAL_NULL_CONVERSION = YES;
				CLANG_WARN_OBJC_IMPLICIT_RETAIN_SELF = YES;
				CLANG_WARN_OBJC_LITERAL_CONVERSION = YES;
				CLANG_WARN_OBJC_ROOT_CLASS = YES_ERROR;
				CLANG_WARN_QUOTED_INCLUDE_IN_FRAMEWORK_HEADER = YES;
				CLANG_WARN_RANGE_LOOP_ANALYSIS = YES;
				CLANG_WARN_STRICT_PROTOTYPES = YES;
				CLANG_WARN_SUSPICIOUS_MOVE = YES;
				CLANG_WARN_UNGUARDED_AVAILABILITY = YES_AGGRESSIVE;
				CLANG_WARN_UNREACHABLE_CODE = YES;
				CLANG_WARN__DUPLICATE_METHOD_MATCH = YES;
				COPY_PHASE_STRIP = NO;
				DEAD_CODE_STRIPPING = YES;
				DEBUG_INFORMATION_FORMAT = "dwarf-with-dsym";
				ENABLE_NS_ASSERTIONS = NO;
				ENABLE_STRICT_OBJC_MSGSEND = YES;
				ENABLE_USER_SCRIPT_SANDBOXING = YES;
				GCC_C_LANGUAGE_STANDARD = gnu17;
				GCC_NO_COMMON_BLOCKS = YES;
				GCC_WARN_64_TO_32_BIT_CONVERSION = YES;
				GCC_WARN_ABOUT_RETURN_TYPE = YES_ERROR;
				GCC_WARN_UNDECLARED_SELECTOR = YES;
				GCC_WARN_UNINITIALIZED_AUTOS = YES_AGGRESSIVE;
				GCC_WARN_UNUSED_FUNCTION = YES;
				GCC_WARN_UNUSED_VARIABLE = YES;
				LOCALIZATION_PREFERS_STRING_CATALOGS = YES;
				MACOSX_DEPLOYMENT_TARGET = 14.1;
				MTL_ENABLE_DEBUG_INFO = NO;
				MTL_FAST_MATH = YES;
				SDKROOT = macosx;
			};
			name = Release;
		};
		DED68A2A2B824122004ED2CE /* Debug */ = {
			isa = XCBuildConfiguration;
			buildSettings = {
				CODE_SIGN_STYLE = Automatic;
				DEAD_CODE_STRIPPING = YES;
				PRODUCT_NAME = "$(TARGET_NAME)";
			};
			name = Debug;
		};
		DED68A2B2B824122004ED2CE /* Release */ = {
			isa = XCBuildConfiguration;
			buildSettings = {
				CODE_SIGN_STYLE = Automatic;
				DEAD_CODE_STRIPPING = YES;
				PRODUCT_NAME = "$(TARGET_NAME)";
			};
			name = Release;
		};
/* End XCBuildConfiguration section */

/* Begin XCConfigurationList section */
		DED68A1D2B824122004ED2CE /* Build configuration list for PBXProject "neural net v1" */ = {
			isa = XCConfigurationList;
			buildConfigurations = (
				DED68A272B824122004ED2CE /* Debug */,
				DED68A282B824122004ED2CE /* Release */,
			);
			defaultConfigurationIsVisible = 0;
			defaultConfigurationName = Release;
		};
		DED68A292B824122004ED2CE /* Build configuration list for PBXNativeTarget "neural net v1" */ = {
			isa = XCConfigurationList;
			buildConfigurations = (
				DED68A2A2B824122004ED2CE /* Debug */,
				DED68A2B2B824122004ED2CE /* Release */,
			);
			defaultConfigurationIsVisible = 0;
			defaultConfigurationName = Release;
		};
/* End XCConfigurationList section */
	};
	rootObject = DED68A1A2B824122004ED2CE /* Project object */;
}
