// !$*UTF8*$!
{
	archiveVersion = 1;
	classes = {
	};
	objectVersion = 56;
	objects = {

/* Begin PBXBuildFile section */
		DE40C6562BB2C27400C67031 /* data_set.cpp in Sources */ = {isa = PBXBuildFile; fileRef = DE40C6542BB2C27400C67031 /* data_set.cpp */; };
		DE40C6592BC5B00800C67031 /* mnist_data.cpp in Sources */ = {isa = PBXBuildFile; fileRef = DE40C6572BC5B00800C67031 /* mnist_data.cpp */; };
		DE41437D302BE128009B4026 /* ActivationFunction.cpp in Sources */ = {isa = PBXBuildFile; fileRef = DE41437C302BE11E009B4026 /* ActivationFunction.cpp */; };
		DEA636E93044E3C40031E9F3 /* SwiftUIView.swift in Sources */ = {isa = PBXBuildFile; fileRef = DEA636E83044E3C40031E9F3 /* SwiftUIView.swift */; };
		DEA636EB3044EDCB0031E9F3 /* SwiftMain.swift in Sources */ = {isa = PBXBuildFile; fileRef = DEA636EA3044EDCB0031E9F3 /* SwiftMain.swift */; };
		DEA636F0304724990031E9F3 /* DrawingPad.swift in Sources */ = {isa = PBXBuildFile; fileRef = DEA636EF304724990031E9F3 /* DrawingPad.swift */; };
		DEA636F2304B60F80031E9F3 /* EngineBox.swift in Sources */ = {isa = PBXBuildFile; fileRef = DEA636F1304B60F80031E9F3 /* EngineBox.swift */; };
		DED68A262B824122004ED2CE /* AppEngine.cpp in Sources */ = {isa = PBXBuildFile; fileRef = DED68A252B824122004ED2CE /* AppEngine.cpp */; };
		DED68A342B8E8C35004ED2CE /* Neural.cpp in Sources */ = {isa = PBXBuildFile; fileRef = DED68A322B8E8C35004ED2CE /* Neural.cpp */; };
/* End PBXBuildFile section */

/* Begin PBXCopyFilesBuildPhase section */
		DED68A202B824122004ED2CE /* CopyFiles */ = {
			isa = PBXCopyFilesBuildPhase;
			buildActionMask = 2147483647;
			dstPath = /usr/share/man/man1/;
			dstSubfolderSpec = 0;
			files = (
			);
			runOnlyForDeploymentPostprocessing = 1;
		};
/* End PBXCopyFilesBuildPhase section */

/* Begin PBXFileReference section */
		DE40C6542BB2C27400C67031 /* data_set.cpp */ = {isa = PBXFileReference; lastKnownFileType = sourcecode.cpp.cpp; path = data_set.cpp; sourceTree = "<group>"; };
		DE40C6552BB2C27400C67031 /* data_set.hpp */ = {isa = PBXFileReference; lastKnownFileType = sourcecode.cpp.h; path = data_set.hpp; sourceTree = "<group>"; };
		DE40C6572BC5B00800C67031 /* mnist_data.cpp */ = {isa = PBXFileReference; lastKnownFileType = sourcecode.cpp.cpp; path = mnist_data.cpp; sourceTree = "<group>"; };
		DE40C6582BC5B00800C67031 /* mnist_data.hpp */ = {isa = PBXFileReference; lastKnownFileType = sourcecode.cpp.h; path = mnist_data.hpp; sourceTree = "<group>"; };
		DE414377302B626B009B4026 /* AGENTS.md */ = {isa = PBXFileReference; lastKnownFileType = net.daringfireball.markdown; path = AGENTS.md; sourceTree = "<group>"; };
		DE414378302B627E009B4026 /* PROJECT_NOTES.md */ = {isa = PBXFileReference; lastKnownFileType = net.daringfireball.markdown; path = PROJECT_NOTES.md; sourceTree = "<group>"; };
		DE414379302B6367009B4026 /* neuron_layer.hpp */ = {isa = PBXFileReference; lastKnownFileType = sourcecode.cpp.h; path = neuron_layer.hpp; sourceTree = "<group>"; };
		DE41437B302BDE13009B4026 /* ActivationFunction.hpp */ = {isa = PBXFileReference; lastKnownFileType = sourcecode.cpp.h; path = ActivationFunction.hpp; sourceTree = "<group>"; };
		DE41437C302BE11E009B4026 /* ActivationFunction.cpp */ = {isa = PBXFileReference; lastKnownFileType = sourcecode.cpp.cpp; path = ActivationFunction.cpp; sourceTree = "<group>"; };
		DEA636E83044E3C40031E9F3 /* SwiftUIView.swift */ = {isa = PBXFileReference; lastKnownFileType = sourcecode.swift; path = SwiftUIView.swift; sourceTree = "<group>"; };
		DEA636EA3044EDCB0031E9F3 /* SwiftMain.swift */ = {isa = PBXFileReference; lastKnownFileType = sourcecode.swift; path = SwiftMain.swift; sourceTree = "<group>"; };
		DEA636EC3044F2E90031E9F3 /* AppEngine.hpp */ = {isa = PBXFileReference; lastKnownFileType = sourcecode.cpp.h; path = AppEngine.hpp; sourceTree = "<group>"; };
		DEA636ED3044F4810031E9F3 /* module.modulemap */ = {isa = PBXFileReference; lastKnownFileType = "sourcecode.module-map"; path = module.modulemap; sourceTree = "<group>"; };
		DEA636EF304724990031E9F3 /* DrawingPad.swift */ = {isa = PBXFileReference; lastKnownFileType = sourcecode.swift; path = DrawingPad.swift; sourceTree = SOURCE_ROOT; };
		DEA636F1304B60F80031E9F3 /* EngineBox.swift */ = {isa = PBXFileReference; lastKnownFileType = sourcecode.swift; path = EngineBox.swift; sourceTree = "<group>"; };
		DED68A222B824122004ED2CE /* neural net v1 */ = {isa = PBXFileReference; explicitFileType = "compiled.mach-o.executable"; includeInIndex = 0; path = "neural net v1"; sourceTree = BUILT_PRODUCTS_DIR; };
		DED68A252B824122004ED2CE /* AppEngine.cpp */ = {isa = PBXFileReference; lastKnownFileType = sourcecode.cpp.cpp; path = AppEngine.cpp; sourceTree = "<group>"; };
		DED68A302B82477A004ED2CE /* data */ = {isa = PBXFileReference; lastKnownFileType = text; path = data; sourceTree = "<group>"; };
		DED68A322B8E8C35004ED2CE /* Neural.cpp */ = {isa = PBXFileReference; lastKnownFileType = sourcecode.cpp.cpp; path = Neural.cpp; sourceTree = "<group>"; };
		DED68A332B8E8C35004ED2CE /* Neural.hpp */ = {isa = PBXFileReference; lastKnownFileType = sourcecode.cpp.h; path = Neural.hpp; sourceTree = "<group>"; };
/* End PBXFileReference section */

/* Begin PBXFrameworksBuildPhase section */
		DED68A1F2B824122004ED2CE /* Frameworks */ = {
			isa = PBXFrameworksBuildPhase;
			buildActionMask = 2147483647;
			files = (
			);
			runOnlyForDeploymentPostprocessing = 0;
		};
/* End PBXFrameworksBuildPhase section */

/* Begin PBXGroup section */
		DED68A192B824122004ED2CE = {
			isa = PBXGroup;
			children = (
				DED68A302B82477A004ED2CE /* data */,
				DE414377302B626B009B4026 /* AGENTS.md */,
				DE414378302B627E009B4026 /* PROJECT_NOTES.md */,
				DED68A242B824122004ED2CE /* neural net v1 */,
				DED68A232B824122004ED2CE /* Products */,
			);
			sourceTree = "<group>";
		};
		DED68A232B824122004ED2CE /* Products */ = {
			isa = PBXGroup;
			children = (
				DED68A222B824122004ED2CE /* neural net v1 */,
			);
			name = Products;
			sourceTree = "<group>";
		};
		DED68A242B824122004ED2CE /* neural net v1 */ = {
			isa = PBXGroup;
			children = (
				DED68A252B824122004ED2CE /* AppEngine.cpp */,
				DEA636EC3044F2E90031E9F3 /* AppEngine.hpp */,
				DEA636ED3044F4810031E9F3 /* module.modulemap */,
				DED68A322B8E8C35004ED2CE /* Neural.cpp */,
				DED68A332B8E8C35004ED2CE /* Neural.hpp */,
				DE41437B302BDE13009B4026 /* ActivationFunction.hpp */,
				DE41437C302BE11E009B4026 /* ActivationFunction.cpp */,
				DE40C6542BB2C27400C67031 /* data_set.cpp */,
				DE40C6572BC5B00800C67031 /* mnist_data.cpp */,
				DE40C6582BC5B00800C67031 /* mnist_data.hpp */,
				DE40C6552BB2C27400C67031 /* data_set.hpp */,
				DE414379302B6367009B4026 /* neuron_layer.hpp */,
				DEA636EA3044EDCB0031E9F3 /* SwiftMain.swift */,
				DEA636E83044E3C40031E9F3 /* SwiftUIView.swift */,
				DEA636EF304724990031E9F3 /* DrawingPad.swift */,
				DEA636F1304B60F80031E9F3 /* EngineBox.swift */,
			);
			path = "neural net v1";
			sourceTree = "<group>";
		};
/* End PBXGroup section */

/* Begin PBXNativeTarget section */
		DED68A212B824122004ED2CE /* neural net v1 */ = {
			isa = PBXNativeTarget;
			buildConfigurationList = DED68A292B824122004ED2CE /* Build configuration list for PBXNativeTarget "neural net v1" */;
			buildPhases = (
				DED68A1E2B824122004ED2CE /* Sources */,
				DED68A1F2B824122004ED2CE /* Frameworks */,
				DED68A202B824122004ED2CE /* CopyFiles */,
			);
			buildRules = (
			);
			dependencies = (
			);
			name = "neural net v1";
			productName = "neural net v1";
			productReference = DED68A222B824122004ED2CE /* neural net v1 */;
			productType = "com.apple.product-type.tool";
		};
/* End PBXNativeTarget section */

/* Begin PBXProject section */
		DED68A1A2B824122004ED2CE /* Project object */ = {
			isa = PBXProject;
			attributes = {
				BuildIndependentTargetsInParallel = 1;
				LastUpgradeCheck = 1530;
				TargetAttributes = {
					DED68A212B824122004ED2CE = {
						CreatedOnToolsVersion = 15.2;
						LastSwiftMigration = 2660;
					};
				};
			};
			buildConfigurationList = DED68A1D2B824122004ED2CE /* Build configuration list for PBXProject "neural net v1" */;
			compatibilityVersion = "Xcode 14.0";
			developmentRegion = en;
			hasScannedForEncodings = 0;
			knownRegions = (
				en,
				Base,
			);
			mainGroup = DED68A192B824122004ED2CE;
			productRefGroup = DED68A232B824122004ED2CE /* Products */;
			projectDirPath = "";
			projectRoot = "";
			targets = (
				DED68A212B824122004ED2CE /* neural net v1 */,
			);
		};
/* End PBXProject section */

/* Begin PBXSourcesBuildPhase section */
		DED68A1E2B824122004ED2CE /* Sources */ = {
			isa = PBXSourcesBuildPhase;
			buildActionMask = 2147483647;
			files = (
				DEA636EB3044EDCB0031E9F3 /* SwiftMain.swift in Sources */,
				DE40C6562BB2C27400C67031 /* data_set.cpp in Sources */,
				DEA636E93044E3C40031E9F3 /* SwiftUIView.swift in Sources */,
				DED68A262B824122004ED2CE /* AppEngine.cpp in Sources */,
				DEA636F0304724990031E9F3 /* DrawingPad.swift in Sources */,
				DEA636F2304B60F80031E9F3 /* EngineBox.swift in Sources */,
				DE41437D302BE128009B4026 /* ActivationFunction.cpp in Sources */,
				DED68A342B8E8C35004ED2CE /* Neural.cpp in Sources */,
				DE40C6592BC5B00800C67031 /* mnist_data.cpp in Sources */,
			);
			runOnlyForDeploymentPostprocessing = 0;
		};
/* End PBXSourcesBuildPhase section */

/* Begin XCBuildConfiguration section */
		DED68A272B824122004ED2CE /* Debug */ = {
			isa = XCBuildConfiguration;
			buildSettings = {
				ALWAYS_SEARCH_USER_PATHS = NO;
				ASSETCATALOG_COMPILER_GENERATE_SWIFT_ASSET_SYMBOL_EXTENSIONS = YES;
				CLANG_ANALYZER_NONNULL = YES;
				CLANG_ANALYZER_NUMBER_OBJECT_CONVERSION = YES_AGGRESSIVE;
				CLANG_CXX_LANGUAGE_STANDARD = "gnu++20";
				CLANG_ENABLE_MODULES = YES;
				CLANG_ENABLE_OBJC_ARC = YES;
				CLANG_ENABLE_OBJC_WEAK = YES;
				CLANG_WARN_BLOCK_CAPTURE_AUTORELEASING = YES;
				CLANG_WARN_BOOL_CONVERSION = YES;
				CLANG_WARN_COMMA = YES;
				CLANG_WARN_CONSTANT_CONVERSION = YES;
				CLANG_WARN_DEPRECATED_OBJC_IMPLEMENTATIONS = YES;
				CLANG_WARN_DIRECT_OBJC_ISA_USAGE = YES_ERROR;
				CLANG_WARN_DOCUMENTATION_COMMENTS = YES;
				CLANG_WARN_EMPTY_BODY = YES;
				CLANG_WARN_ENUM_CONVERSION = YES;
				CLANG_WARN_INFINITE_RECURSION = YES;
				CLANG_WARN_INT_CONVERSION = YES;
				CLANG_WARN_NON_LITERAL_NULL_CONVERSION = YES;
				CLANG_WARN_OBJC_IMPLICIT_RETAIN_SELF = YES;
				CLANG_WARN_OBJC_LITERAL_CONVERSION = YES;
				CLANG_WARN_OBJC_ROOT_CLASS = YES_ERROR;
				CLANG_WARN_QUOTED_INCLUDE_IN_FRAMEWORK_HEADER = YES;
				CLANG_WARN_RANGE_LOOP_ANALYSIS = YES;
				CLANG_WARN_STRICT_PROTOTYPES = YES;
				CLANG_WARN_SUSPICIOUS_MOVE = YES;
				CLANG_WARN_UNGUARDED_AVAILABILITY = YES_AGGRESSIVE;
				CLANG_WARN_UNREACHABLE_CODE = YES;
				CLANG_WARN__DUPLICATE_METHOD_MATCH = YES;
				COPY_PHASE_STRIP = NO;
				DEAD_CODE_STRIPPING = YES;
				DEBUG_INFORMATION_FORMAT = dwarf;
				ENABLE_STRICT_OBJC_MSGSEND = YES;
				ENABLE_TESTABILITY = YES;
				ENABLE_USER_SCRIPT_SANDBOXING = YES;
				GCC_C_LANGUAGE_STANDARD = gnu17;
				GCC_DYNAMIC_NO_PIC = NO;
				GCC_NO_COMMON_BLOCKS = YES;
				GCC_OPTIMIZATION_LEVEL = 0;
				GCC_PREPROCESSOR_DEFINITIONS = (
					"DEBUG=1",
					"$(inherited)",
				);
				GCC_WARN_64_TO_32_BIT_CONVERSION = YES;
				GCC_WARN_ABOUT_RETURN_TYPE = YES_ERROR;
				GCC_WARN_UNDECLARED_SELECTOR = YES;
				GCC_WARN_UNINITIALIZED_AUTOS = YES_AGGRESSIVE;
				GCC_WARN_UNUSED_FUNCTION = YES;
				GCC_WARN_UNUSED_VARIABLE = YES;
				LOCALIZATION_PREFERS_STRING_CATALOGS = YES;
				MACOSX_DEPLOYMENT_TARGET = 14.1;
				MTL_ENABLE_DEBUG_INFO = INCLUDE_SOURCE;
				MTL_FAST_MATH = YES;
				ONLY_ACTIVE_ARCH = YES;
				SDKROOT = macosx;
				SWIFT_OBJC_INTEROP_MODE = objcxx;
			};
			name = Debug;
		};
		DED68A282B824122004ED2CE /* Release */ = {
			isa = XCBuildConfiguration;
			buildSettings = {
				ALWAYS_SEARCH_USER_PATHS = NO;
				ASSETCATALOG_COMPILER_GENERATE_SWIFT_ASSET_SYMBOL_EXTENSIONS = YES;
				CLANG_ANALYZER_NONNULL = YES;
				CLANG_ANALYZER_NUMBER_OBJECT_CONVERSION = YES_AGGRESSIVE;
				CLANG_CXX_LANGUAGE_STANDARD = "gnu++20";
				CLANG_ENABLE_MODULES = YES;
				CLANG_ENABLE_OBJC_ARC = YES;
				CLANG_ENABLE_OBJC_WEAK = YES;
				CLANG_WARN_BLOCK_CAPTURE_AUTORELEASING = YES;
				CLANG_WARN_BOOL_CONVERSION = YES;
				CLANG_WARN_COMMA = YES;
				CLANG_WARN_CONSTANT_CONVERSION = YES;
				CLANG_WARN_DEPRECATED_OBJC_IMPLEMENTATIONS = YES;
				CLANG_WARN_DIRECT_OBJC_ISA_USAGE = YES_ERROR;
				CLANG_WARN_DOCUMENTATION_COMMENTS = YES;
				CLANG_WARN_EMPTY_BODY = YES;
				CLANG_WARN_ENUM_CONVERSION = YES;
				CLANG_WARN_INFINITE_RECURSION = YES;
				CLANG_WARN_INT_CONVERSION = YES;
				CLANG_WARN_NON_LITERAL_NULL_CONVERSION = YES;
				CLANG_WARN_OBJC_IMPLICIT_RETAIN_SELF = YES;
				CLANG_WARN_OBJC_LITERAL_CONVERSION = YES;
				CLANG_WARN_OBJC_ROOT_CLASS = YES_ERROR;
				CLANG_WARN_QUOTED_INCLUDE_IN_FRAMEWORK_HEADER = YES;
				CLANG_WARN_RANGE_LOOP_ANALYSIS = YES;
				CLANG_WARN_STRICT_PROTOTYPES = YES;
				CLANG_WARN_SUSPICIOUS_MOVE = YES;
				CLANG_WARN_UNGUARDED_AVAILABILITY = YES_AGGRESSIVE;
				CLANG_WARN_UNREACHABLE_CODE = YES;
				CLANG_WARN__DUPLICATE_METHOD_MATCH = YES;
				COPY_PHASE_STRIP = NO;
				DEAD_CODE_STRIPPING = YES;
				DEBUG_INFORMATION_FORMAT = "dwarf-with-dsym";
				ENABLE_NS_ASSERTIONS = NO;
				ENABLE_STRICT_OBJC_MSGSEND = YES;
				ENABLE_USER_SCRIPT_SANDBOXING = YES;
				GCC_C_LANGUAGE_STANDARD = gnu17;
				GCC_NO_COMMON_BLOCKS = YES;
				GCC_WARN_64_TO_32_BIT_CONVERSION = YES;
				GCC_WARN_ABOUT_RETURN_TYPE = YES_ERROR;
				GCC_WARN_UNDECLARED_SELECTOR = YES;
				GCC_WARN_UNINITIALIZED_AUTOS = YES_AGGRESSIVE;
				GCC_WARN_UNUSED_FUNCTION = YES;
				GCC_WARN_UNUSED_VARIABLE = YES;
				LOCALIZATION_PREFERS_STRING_CATALOGS = YES;
				MACOSX_DEPLOYMENT_TARGET = 14.1;
				MTL_ENABLE_DEBUG_INFO = NO;
				MTL_FAST_MATH = YES;
				SDKROOT = macosx;
				SWIFT_OBJC_INTEROP_MODE = objcxx;
			};
			name = Release;
		};
		DED68A2A2B824122004ED2CE /* Debug */ = {
			isa = XCBuildConfiguration;
			buildSettings = {
				CLANG_ENABLE_MODULES = YES;
				CODE_SIGN_STYLE = Automatic;
				DEAD_CODE_STRIPPING = YES;
				PRODUCT_NAME = "$(TARGET_NAME)";
				SWIFT_INCLUDE_PATHS = "$(SRCROOT)/** \"$(SRCROOT)/neural net v1\"/**";
				SWIFT_OPTIMIZATION_LEVEL = "-Onone";
				SWIFT_VERSION = 6.0;
			};
			name = Debug;
		};
		DED68A2B2B824122004ED2CE /* Release */ = {
			isa = XCBuildConfiguration;
			buildSettings = {
				CLANG_ENABLE_MODULES = YES;
				CODE_SIGN_STYLE = Automatic;
				DEAD_CODE_STRIPPING = YES;
				PRODUCT_NAME = "$(TARGET_NAME)";
				SWIFT_INCLUDE_PATHS = "$(SRCROOT)/** \"$(SRCROOT)/neural net v1\"/**";
				SWIFT_VERSION = 6.0;
			};
			name = Release;
		};
/* End XCBuildConfiguration section */

/* Begin XCConfigurationList section */
		DED68A1D2B824122004ED2CE /* Build configuration list for PBXProject "neural net v1" */ = {
			isa = XCConfigurationList;
			buildConfigurations = (
				DED68A272B824122004ED2CE /* Debug */,
				DED68A282B824122004ED2CE /* Release */,
			);
			defaultConfigurationIsVisible = 0;
			defaultConfigurationName = Release;
		};
		DED68A292B824122004ED2CE /* Build configuration list for PBXNativeTarget "neural net v1" */ = {
			isa = XCConfigurationList;
			buildConfigurations = (
				DED68A2A2B824122004ED2CE /* Debug */,
				DED68A2B2B824122004ED2CE /* Release */,
			);
			defaultConfigurationIsVisible = 0;
			defaultConfigurationName = Release;
		};
/* End XCConfigurationList section */
	};
	rootObject = DED68A1A2B824122004ED2CE /* Project object */;
}
